
Microsoft Visual Studio Solution File, Format Version 12.00
# Visual Studio Version 16
VisualStudioVersion = 16.0.31019.35
MinimumVisualStudioVersion = 10.0.40219.1
Project("{FAE04EC0-301F-11D3-BF4B-00C04F79EFBC}") = "EzanVakti", "EzanVakti\EzanVakti.csproj", "{AB70B7A3-4AB8-4FE7-84C6-AD55E8A21DD7}"
EndProject
Global
	GlobalSection(SolutionConfigurationPlatforms) = preSolution
		Debug|Any CPU = Debug|Any CPU
		Release|Any CPU = Release|Any CPU
	EndGlobalSection
	GlobalSection(ProjectConfigurationPlatforms) = postSolution
		{AB70B7A3-4AB8-4FE7-84C6-AD55E8A21DD7}.Debug|Any CPU.ActiveCfg = Debug|Any CPU
		{AB70B7A3-4AB8-4FE7-84C6-AD55E8A21DD7}.Debug|Any CPU.Build.0 = Debug|Any CPU
		{AB70B7A3-4AB8-4FE7-84C6-AD55E8A21DD7}.Release|Any CPU.ActiveCfg = Release|Any CPU
		{AB70B7A3-4AB8-4FE7-84C6-AD55E8A21DD7}.Release|Any CPU.Build.0 = Release|Any CPU
	EndGlobalSection
	GlobalSection(SolutionProperties) = preSolution
		HideSolutionNode = FALSE
	EndGlobalSection
	GlobalSection(ExtensibilityGlobals) = postSolution
		SolutionGuid = {DBE387C6-DEF4-4906-8226-5966DEBAE68F}
	EndGlobalSection
EndGlobal
